
Microsoft Visual Studio Solution File, Format Version 12.00
# Visual Studio Version 17
VisualStudioVersion = 17.14.36310.24 d17.14
MinimumVisualStudioVersion = 10.0.40219.1
Project("{FAE04EC0-301F-11D3-BF4B-00C04F79EFBC}") = "User_Login_SignUp", "User_Login_SignUp\User_Login_SignUp.csproj", "{D5ABDC53-26A5-412E-A18A-1879B3516841}"
EndProject
Global
	GlobalSection(SolutionConfigurationPlatforms) = preSolution
		Debug|Any CPU = Debug|Any CPU
		Release|Any CPU = Release|Any CPU
	EndGlobalSection
	GlobalSection(ProjectConfigurationPlatforms) = postSolution
		{D5ABDC53-26A5-412E-A18A-1879B3516841}.Debug|Any CPU.ActiveCfg = Debug|Any CPU
		{D5ABDC53-26A5-412E-A18A-1879B3516841}.Debug|Any CPU.Build.0 = Debug|Any CPU
		{D5ABDC53-26A5-412E-A18A-1879B3516841}.Release|Any CPU.ActiveCfg = Release|Any CPU
		{D5ABDC53-26A5-412E-A18A-1879B3516841}.Release|Any CPU.Build.0 = Release|Any CPU
	EndGlobalSection
	GlobalSection(SolutionProperties) = preSolution
		HideSolutionNode = FALSE
	EndGlobalSection
	GlobalSection(ExtensibilityGlobals) = postSolution
		SolutionGuid = {68985AC7-040B-4F20-BF0F-7F226FAE3B5C}
	EndGlobalSection
EndGlobal
